Microsoft Visual Studio Solution File, Format Version 12.00
# Visual Studio Version 16
VisualStudioVersion = 16.0.0.0
MinimumVisualStudioVersion = 16.0.0.0
Project("{F1D902FB-7DFD-4ECF-9045-E35D92446046}") = "Modulith.NewModule.Spa", "Modulith.NewModule.Spa\Modulith.NewModule.Spa.csproj", "{8C39DCDD-4DC5-4929-800F-27E295C17FBD}"
EndProject
Project("{F1D902FB-7DFD-4ECF-9045-E35D92446046}") = "Modulith.NewModule.Spa.Client", "Modulith.NewModule.Spa.Client\Modulith.NewModule.Spa.Client.csproj", "{6BA8CA25-8833-4E67-9856-7AA8B3A9724B}"
EndProject
Global
	GlobalSection(SolutionConfigurationPlatforms) = preSolution
		Debug|Any CPU = Debug|Any CPU
		Debug|x64 = Debug|x64
		Debug|x86 = Debug|x86
		Release|Any CPU = Release|Any CPU
		Release|x64 = Release|x64
		Release|x86 = Release|x86
	EndGlobalSection
	GlobalSection(ProjectConfigurationPlatforms) = postSolution
		{8C39DCDD-4DC5-4929-800F-27E295C17FBD}.Debug|Any CPU.ActiveCfg = Debug|Any CPU
		{8C39DCDD-4DC5-4929-800F-27E295C17FBD}.Debug|Any CPU.Build.0 = Debug|Any CPU
		{8C39DCDD-4DC5-4929-800F-27E295C17FBD}.Debug|x64.ActiveCfg = Debug|Any CPU
		{8C39DCDD-4DC5-4929-800F-27E295C17FBD}.Debug|x64.Build.0 = Debug|Any CPU
		{8C39DCDD-4DC5-4929-800F-27E295C17FBD}.Debug|x86.ActiveCfg = Debug|Any CPU
		{8C39DCDD-4DC5-4929-800F-27E295C17FBD}.Debug|x86.Build.0 = Debug|Any CPU
		{8C39DCDD-4DC5-4929-800F-27E295C17FBD}.Release|Any CPU.ActiveCfg = Release|Any CPU
		{8C39DCDD-4DC5-4929-800F-27E295C17FBD}.Release|Any CPU.Build.0 = Release|Any CPU
		{8C39DCDD-4DC5-4929-800F-27E295C17FBD}.Release|x64.ActiveCfg = Release|Any CPU
		{8C39DCDD-4DC5-4929-800F-27E295C17FBD}.Release|x64.Build.0 = Release|Any CPU
		{8C39DCDD-4DC5-4929-800F-27E295C17FBD}.Release|x86.ActiveCfg = Release|Any CPU
		{8C39DCDD-4DC5-4929-800F-27E295C17FBD}.Release|x86.Build.0 = Release|Any CPU
		{6BA8CA25-8833-4E67-9856-7AA8B3A9724B}.Debug|Any CPU.ActiveCfg = Debug|Any CPU
		{6BA8CA25-8833-4E67-9856-7AA8B3A9724B}.Debug|Any CPU.Build.0 = Debug|Any CPU
		{6BA8CA25-8833-4E67-9856-7AA8B3A9724B}.Debug|x64.ActiveCfg = Debug|Any CPU
		{6BA8CA25-8833-4E67-9856-7AA8B3A9724B}.Debug|x64.Build.0 = Debug|Any CPU
		{6BA8CA25-8833-4E67-9856-7AA8B3A9724B}.Debug|x86.ActiveCfg = Debug|Any CPU
		{6BA8CA25-8833-4E67-9856-7AA8B3A9724B}.Debug|x86.Build.0 = Debug|Any CPU
		{6BA8CA25-8833-4E67-9856-7AA8B3A9724B}.Release|Any CPU.ActiveCfg = Release|Any CPU
		{6BA8CA25-8833-4E67-9856-7AA8B3A9724B}.Release|Any CPU.Build.0 = Release|Any CPU
		{6BA8CA25-8833-4E67-9856-7AA8B3A9724B}.Release|x64.ActiveCfg = Release|Any CPU
		{6BA8CA25-8833-4E67-9856-7AA8B3A9724B}.Release|x64.Build.0 = Release|Any CPU
		{6BA8CA25-8833-4E67-9856-7AA8B3A9724B}.Release|x86.ActiveCfg = Release|Any CPU
		{6BA8CA25-8833-4E67-9856-7AA8B3A9724B}.Release|x86.Build.0 = Release|Any CPU
	EndGlobalSection
	GlobalSection(SolutionProperties) = preSolution
		HideSolutionNode = FALSE
	EndGlobalSection
	GlobalSection(ExtensibilityGlobals) = postSolution
		SolutionGuid = {CDFF02AE-BA66-419A-B6C2-6711380CD507}
	EndGlobalSection
EndGlobal
