
Microsoft Visual Studio Solution File, Format Version 12.00
# Visual Studio Version 17
VisualStudioVersion = 17.0.31903.59
MinimumVisualStudioVersion = 10.0.40219.1
Project("{00000000-0000-0000-0000-000000000000") = "eShop.Web", "eShop.Web\eShop.Web.csproj", "{00000000-0000-0000-0000-000000000000"
EndProject
Project("{00000000-0000-0000-0000-000000000000") = "Payments", "Payments", "{00000000-0000-0000-0000-000000000000"
EndProject
Project("{00000000-0000-0000-0000-000000000000") = "Shared", "Shared", "{00000000-0000-0000-0000-000000000000"
EndProject
Project("{00000000-0000-0000-0000-000000000000") = "eShop.Payments", "Payments\eShop.Payments\eShop.Payments.csproj", "{00000000-0000-0000-0000-000000000000"
EndProject
Project("{00000000-0000-0000-0000-000000000000") = "eShop.Payments.Contracts", "Payments\eShop.Payments.Contracts\eShop.Payments.Contracts.csproj", "{00000000-0000-0000-0000-000000000000"
EndProject
Project("{00000000-0000-0000-0000-000000000000") = "eShop.Payments.Tests", "Payments\eShop.Payments.Tests\eShop.Payments.Tests.csproj", "{00000000-0000-0000-0000-000000000000"
EndProject
Project("{00000000-0000-0000-0000-000000000000") = "eShop.SharedKernel", "Shared\eShop.SharedKernel\eShop.SharedKernel.csproj", "{00000000-0000-0000-0000-000000000000"
EndProject
Project("{00000000-0000-0000-0000-000000000000") = "eShop.UI", "Shared\eShop.UI\eShop.UI.csproj", "{00000000-0000-0000-0000-000000000000"
EndProject
Project("{00000000-0000-0000-0000-000000000000") = "eShop.Payments.UI", "Payments\eShop.Payments.UI\eShop.Payments.UI.csproj", "{00000000-0000-0000-0000-000000000000"
EndProject
Project("{00000000-0000-0000-0000-000000000000") = "eShop.Payments.HttpModels", "Payments\eShop.Payments.HttpModels\eShop.Payments.HttpModels.csproj", "{00000000-0000-0000-0000-000000000000"
EndProject
Global
	GlobalSection(SolutionConfigurationPlatforms) = preSolution
		Debug|Any CPU = Debug|Any CPU
		Release|Any CPU = Release|Any CPU
	EndGlobalSection
	GlobalSection(SolutionProperties) = preSolution
		HideSolutionNode = FALSE
	EndGlobalSection
	GlobalSection(ProjectConfigurationPlatforms) = postSolution
		{00000000-0000-0000-0000-000000000000.Debug|Any CPU.ActiveCfg = Debug|Any CPU
		{00000000-0000-0000-0000-000000000000.Debug|Any CPU.Build.0 = Debug|Any CPU
		{00000000-0000-0000-0000-000000000000.Release|Any CPU.ActiveCfg = Release|Any CPU
		{00000000-0000-0000-0000-000000000000.Release|Any CPU.Build.0 = Release|Any CPU
		{00000000-0000-0000-0000-000000000000.Debug|Any CPU.ActiveCfg = Debug|Any CPU
		{00000000-0000-0000-0000-000000000000.Debug|Any CPU.Build.0 = Debug|Any CPU
		{00000000-0000-0000-0000-000000000000.Release|Any CPU.ActiveCfg = Release|Any CPU
		{00000000-0000-0000-0000-000000000000.Release|Any CPU.Build.0 = Release|Any CPU
		{00000000-0000-0000-0000-000000000000.Debug|Any CPU.ActiveCfg = Debug|Any CPU
		{00000000-0000-0000-0000-000000000000.Debug|Any CPU.Build.0 = Debug|Any CPU
		{00000000-0000-0000-0000-000000000000.Release|Any CPU.ActiveCfg = Release|Any CPU
		{00000000-0000-0000-0000-000000000000.Release|Any CPU.Build.0 = Release|Any CPU
		{00000000-0000-0000-0000-000000000000.Debug|Any CPU.ActiveCfg = Debug|Any CPU
		{00000000-0000-0000-0000-000000000000.Debug|Any CPU.Build.0 = Debug|Any CPU
		{00000000-0000-0000-0000-000000000000.Release|Any CPU.ActiveCfg = Release|Any CPU
		{00000000-0000-0000-0000-000000000000.Release|Any CPU.Build.0 = Release|Any CPU
		{00000000-0000-0000-0000-000000000000.Debug|Any CPU.ActiveCfg = Debug|Any CPU
		{00000000-0000-0000-0000-000000000000.Debug|Any CPU.Build.0 = Debug|Any CPU
		{00000000-0000-0000-0000-000000000000.Release|Any CPU.ActiveCfg = Release|Any CPU
		{00000000-0000-0000-0000-000000000000.Release|Any CPU.Build.0 = Release|Any CPU
		{00000000-0000-0000-0000-000000000000.Debug|Any CPU.ActiveCfg = Debug|Any CPU
		{00000000-0000-0000-0000-000000000000.Debug|Any CPU.Build.0 = Debug|Any CPU
		{00000000-0000-0000-0000-000000000000.Release|Any CPU.ActiveCfg = Release|Any CPU
		{00000000-0000-0000-0000-000000000000.Release|Any CPU.Build.0 = Release|Any CPU
		{00000000-0000-0000-0000-000000000000.Debug|Any CPU.ActiveCfg = Debug|Any CPU
		{00000000-0000-0000-0000-000000000000.Debug|Any CPU.Build.0 = Debug|Any CPU
		{00000000-0000-0000-0000-000000000000.Release|Any CPU.ActiveCfg = Release|Any CPU
		{00000000-0000-0000-0000-000000000000.Release|Any CPU.Build.0 = Release|Any CPU
		{00000000-0000-0000-0000-000000000000.Debug|Any CPU.ActiveCfg = Debug|Any CPU
		{00000000-0000-0000-0000-000000000000.Debug|Any CPU.Build.0 = Debug|Any CPU
		{00000000-0000-0000-0000-000000000000.Release|Any CPU.ActiveCfg = Release|Any CPU
		{00000000-0000-0000-0000-000000000000.Release|Any CPU.Build.0 = Release|Any CPU
	EndGlobalSection
	GlobalSection(NestedProjects) = preSolution
		{00000000-0000-0000-0000-000000000000 = {00000000-0000-0000-0000-000000000000
		{00000000-0000-0000-0000-000000000000 = {00000000-0000-0000-0000-000000000000
		{00000000-0000-0000-0000-000000000000 = {00000000-0000-0000-0000-000000000000
		{00000000-0000-0000-0000-000000000000 = {00000000-0000-0000-0000-000000000000
		{00000000-0000-0000-0000-000000000000 = {00000000-0000-0000-0000-000000000000
		{00000000-0000-0000-0000-000000000000 = {00000000-0000-0000-0000-000000000000
		{00000000-0000-0000-0000-000000000000 = {00000000-0000-0000-0000-000000000000
	EndGlobalSection
EndGlobal
