
Microsoft Visual Studio Solution File, Format Version 12.00
# Visual Studio Version 17
VisualStudioVersion = 17.0.31903.59
MinimumVisualStudioVersion = 10.0.40219.1
Project("{FAE04EC0-301F-11D3-BF4B-00C04F79EFBC}") = "eShop.Web", "eShop.Web\eShop.Web.csproj", "{00000000-0000-0000-0000-000000000000}"
EndProject
Project("{2150E333-8FDC-42A3-9474-1A3956D46DE8}") = "Payments", "Payments", "{01010101-0101-0101-0101-010101010101}"
EndProject
Project("{2150E333-8FDC-42A3-9474-1A3956D46DE8}") = "Shared", "Shared", "{02020202-0202-0202-0202-020202020202}"
EndProject
Project("{FAE04EC0-301F-11D3-BF4B-00C04F79EFBC}") = "eShop.Payments", "Payments\eShop.Payments\eShop.Payments.csproj", "{03030303-0303-0303-0303-030303030303}"
EndProject
Project("{FAE04EC0-301F-11D3-BF4B-00C04F79EFBC}") = "eShop.Payments.Contracts", "Payments\eShop.Payments.Contracts\eShop.Payments.Contracts.csproj", "{04040404-0404-0404-0404-040404040404}"
EndProject
Project("{FAE04EC0-301F-11D3-BF4B-00C04F79EFBC}") = "eShop.Payments.Tests", "Payments\eShop.Payments.Tests\eShop.Payments.Tests.csproj", "{05050505-0505-0505-0505-050505050505}"
EndProject
Project("{FAE04EC0-301F-11D3-BF4B-00C04F79EFBC}") = "eShop.SharedKernel", "Shared\eShop.SharedKernel\eShop.SharedKernel.csproj", "{06060606-0606-0606-0606-060606060606}"
EndProject
Project("{FAE04EC0-301F-11D3-BF4B-00C04F79EFBC}") = "eShop.UI", "Shared\eShop.UI\eShop.UI.csproj", "{07070707-0707-0707-0707-070707070707}"
EndProject
Project("{FAE04EC0-301F-11D3-BF4B-00C04F79EFBC}") = "eShop.Payments.UI", "Payments\eShop.Payments.UI\eShop.Payments.UI.csproj", "{08080808-0808-0808-0808-080808080808}"
EndProject
Project("{FAE04EC0-301F-11D3-BF4B-00C04F79EFBC}") = "eShop.Payments.HttpModels", "Payments\eShop.Payments.HttpModels\eShop.Payments.HttpModels.csproj", "{09090909-0909-0909-0909-090909090909}"
EndProject
Project("{2150E333-8FDC-42A3-9474-1A3956D46DE8}") = "Shipments", "Shipments", "{10101010-1010-1010-1010-101010101010}"
EndProject
Project("{FAE04EC0-301F-11D3-BF4B-00C04F79EFBC}") = "eShop.Shipments.UI", "Shipments\eShop.Shipments.UI\eShop.Shipments.UI.csproj", "{11111111-1111-1111-1111-111111111111}"
EndProject
Project("{FAE04EC0-301F-11D3-BF4B-00C04F79EFBC}") = "eShop.Shipments.HttpModels", "Shipments\eShop.Shipments.HttpModels\eShop.Shipments.HttpModels.csproj", "{12121212-1212-1212-1212-121212121212}"
EndProject
Project("{FAE04EC0-301F-11D3-BF4B-00C04F79EFBC}") = "eShop.Shipments", "Shipments\eShop.Shipments\eShop.Shipments.csproj", "{13131313-1313-1313-1313-131313131313}"
EndProject
Project("{FAE04EC0-301F-11D3-BF4B-00C04F79EFBC}") = "eShop.Shipments.Contracts", "Shipments\eShop.Shipments.Contracts\eShop.Shipments.Contracts.csproj", "{14141414-1414-1414-1414-141414141414}"
EndProject
Project("{FAE04EC0-301F-11D3-BF4B-00C04F79EFBC}") = "eShop.Shipments.Tests", "Shipments\eShop.Shipments.Tests\eShop.Shipments.Tests.csproj", "{15151515-1515-1515-1515-151515151515}"
EndProject
Global
	GlobalSection(SolutionConfigurationPlatforms) = preSolution
		Debug|Any CPU = Debug|Any CPU
		Release|Any CPU = Release|Any CPU
	EndGlobalSection
	GlobalSection(SolutionProperties) = preSolution
		HideSolutionNode = FALSE
	EndGlobalSection
	GlobalSection(ProjectConfigurationPlatforms) = postSolution
		{00000000-0000-0000-0000-000000000000}.Debug|Any CPU.ActiveCfg = Debug|Any CPU
		{00000000-0000-0000-0000-000000000000}.Debug|Any CPU.Build.0 = Debug|Any CPU
		{00000000-0000-0000-0000-000000000000}.Release|Any CPU.ActiveCfg = Release|Any CPU
		{00000000-0000-0000-0000-000000000000}.Release|Any CPU.Build.0 = Release|Any CPU
		{03030303-0303-0303-0303-030303030303}.Debug|Any CPU.ActiveCfg = Debug|Any CPU
		{03030303-0303-0303-0303-030303030303}.Debug|Any CPU.Build.0 = Debug|Any CPU
		{03030303-0303-0303-0303-030303030303}.Release|Any CPU.ActiveCfg = Release|Any CPU
		{03030303-0303-0303-0303-030303030303}.Release|Any CPU.Build.0 = Release|Any CPU
		{04040404-0404-0404-0404-040404040404}.Debug|Any CPU.ActiveCfg = Debug|Any CPU
		{04040404-0404-0404-0404-040404040404}.Debug|Any CPU.Build.0 = Debug|Any CPU
		{04040404-0404-0404-0404-040404040404}.Release|Any CPU.ActiveCfg = Release|Any CPU
		{04040404-0404-0404-0404-040404040404}.Release|Any CPU.Build.0 = Release|Any CPU
		{05050505-0505-0505-0505-050505050505}.Debug|Any CPU.ActiveCfg = Debug|Any CPU
		{05050505-0505-0505-0505-050505050505}.Debug|Any CPU.Build.0 = Debug|Any CPU
		{05050505-0505-0505-0505-050505050505}.Release|Any CPU.ActiveCfg = Release|Any CPU
		{05050505-0505-0505-0505-050505050505}.Release|Any CPU.Build.0 = Release|Any CPU
		{06060606-0606-0606-0606-060606060606}.Debug|Any CPU.ActiveCfg = Debug|Any CPU
		{06060606-0606-0606-0606-060606060606}.Debug|Any CPU.Build.0 = Debug|Any CPU
		{06060606-0606-0606-0606-060606060606}.Release|Any CPU.ActiveCfg = Release|Any CPU
		{06060606-0606-0606-0606-060606060606}.Release|Any CPU.Build.0 = Release|Any CPU
		{07070707-0707-0707-0707-070707070707}.Debug|Any CPU.ActiveCfg = Debug|Any CPU
		{07070707-0707-0707-0707-070707070707}.Debug|Any CPU.Build.0 = Debug|Any CPU
		{07070707-0707-0707-0707-070707070707}.Release|Any CPU.ActiveCfg = Release|Any CPU
		{07070707-0707-0707-0707-070707070707}.Release|Any CPU.Build.0 = Release|Any CPU
		{08080808-0808-0808-0808-080808080808}.Debug|Any CPU.ActiveCfg = Debug|Any CPU
		{08080808-0808-0808-0808-080808080808}.Debug|Any CPU.Build.0 = Debug|Any CPU
		{08080808-0808-0808-0808-080808080808}.Release|Any CPU.ActiveCfg = Release|Any CPU
		{08080808-0808-0808-0808-080808080808}.Release|Any CPU.Build.0 = Release|Any CPU
		{09090909-0909-0909-0909-090909090909}.Debug|Any CPU.ActiveCfg = Debug|Any CPU
		{09090909-0909-0909-0909-090909090909}.Debug|Any CPU.Build.0 = Debug|Any CPU
		{09090909-0909-0909-0909-090909090909}.Release|Any CPU.ActiveCfg = Release|Any CPU
		{09090909-0909-0909-0909-090909090909}.Release|Any CPU.Build.0 = Release|Any CPU
		{11111111-1111-1111-1111-111111111111}.Debug|Any CPU.ActiveCfg = Debug|Any CPU
		{11111111-1111-1111-1111-111111111111}.Debug|Any CPU.Build.0 = Debug|Any CPU
		{11111111-1111-1111-1111-111111111111}.Release|Any CPU.ActiveCfg = Release|Any CPU
		{11111111-1111-1111-1111-111111111111}.Release|Any CPU.Build.0 = Release|Any CPU
		{12121212-1212-1212-1212-121212121212}.Debug|Any CPU.ActiveCfg = Debug|Any CPU
		{12121212-1212-1212-1212-121212121212}.Debug|Any CPU.Build.0 = Debug|Any CPU
		{12121212-1212-1212-1212-121212121212}.Release|Any CPU.ActiveCfg = Release|Any CPU
		{12121212-1212-1212-1212-121212121212}.Release|Any CPU.Build.0 = Release|Any CPU
		{13131313-1313-1313-1313-131313131313}.Debug|Any CPU.ActiveCfg = Debug|Any CPU
		{13131313-1313-1313-1313-131313131313}.Debug|Any CPU.Build.0 = Debug|Any CPU
		{13131313-1313-1313-1313-131313131313}.Release|Any CPU.ActiveCfg = Release|Any CPU
		{13131313-1313-1313-1313-131313131313}.Release|Any CPU.Build.0 = Release|Any CPU
		{14141414-1414-1414-1414-141414141414}.Debug|Any CPU.ActiveCfg = Debug|Any CPU
		{14141414-1414-1414-1414-141414141414}.Debug|Any CPU.Build.0 = Debug|Any CPU
		{14141414-1414-1414-1414-141414141414}.Release|Any CPU.ActiveCfg = Release|Any CPU
		{14141414-1414-1414-1414-141414141414}.Release|Any CPU.Build.0 = Release|Any CPU
		{15151515-1515-1515-1515-151515151515}.Debug|Any CPU.ActiveCfg = Debug|Any CPU
		{15151515-1515-1515-1515-151515151515}.Debug|Any CPU.Build.0 = Debug|Any CPU
		{15151515-1515-1515-1515-151515151515}.Release|Any CPU.ActiveCfg = Release|Any CPU
		{15151515-1515-1515-1515-151515151515}.Release|Any CPU.Build.0 = Release|Any CPU
	EndGlobalSection
	GlobalSection(NestedProjects) = preSolution
		{03030303-0303-0303-0303-030303030303} = {01010101-0101-0101-0101-010101010101}
		{04040404-0404-0404-0404-040404040404} = {01010101-0101-0101-0101-010101010101}
		{05050505-0505-0505-0505-050505050505} = {01010101-0101-0101-0101-010101010101}
		{06060606-0606-0606-0606-060606060606} = {02020202-0202-0202-0202-020202020202}
		{07070707-0707-0707-0707-070707070707} = {02020202-0202-0202-0202-020202020202}
		{08080808-0808-0808-0808-080808080808} = {01010101-0101-0101-0101-010101010101}
		{09090909-0909-0909-0909-090909090909} = {01010101-0101-0101-0101-010101010101}
		{11111111-1111-1111-1111-111111111111} = {10101010-1010-1010-1010-101010101010}
		{12121212-1212-1212-1212-121212121212} = {10101010-1010-1010-1010-101010101010}
		{13131313-1313-1313-1313-131313131313} = {10101010-1010-1010-1010-101010101010}
		{14141414-1414-1414-1414-141414141414} = {10101010-1010-1010-1010-101010101010}
		{15151515-1515-1515-1515-151515151515} = {10101010-1010-1010-1010-101010101010}
	EndGlobalSection
EndGlobal
