
Microsoft Visual Studio Solution File, Format Version 12.00
# Visual Studio Version 17
VisualStudioVersion = 17.0.31903.59
MinimumVisualStudioVersion = 10.0.40219.1
Project("{00000000-0000-0000-0000-000000000000}") = "eShop.Web", "eShop.Web\eShop.Web.csproj", "{01010101-0101-0101-0101-010101010101}"
EndProject
Project("{02020202-0202-0202-0202-020202020202}") = "Payments", "Payments", "{03030303-0303-0303-0303-030303030303}"
EndProject
Project("{02020202-0202-0202-0202-020202020202}") = "Shared", "Shared", "{05050505-0505-0505-0505-050505050505}"
EndProject
Project("{00000000-0000-0000-0000-000000000000}") = "eShop.Payments", "Payments\eShop.Payments\eShop.Payments.csproj", "{07070707-0707-0707-0707-070707070707}"
EndProject
Project("{00000000-0000-0000-0000-000000000000}") = "eShop.Payments.Contracts", "Payments\eShop.Payments.Contracts\eShop.Payments.Contracts.csproj", "{09090909-0909-0909-0909-090909090909}"
EndProject
Project("{00000000-0000-0000-0000-000000000000}") = "eShop.Payments.Tests", "Payments\eShop.Payments.Tests\eShop.Payments.Tests.csproj", "{11111111-1111-1111-1111-111111111111}"
EndProject
Project("{00000000-0000-0000-0000-000000000000}") = "eShop.SharedKernel", "Shared\eShop.SharedKernel\eShop.SharedKernel.csproj", "{13131313-1313-1313-1313-131313131313}"
EndProject
Project("{00000000-0000-0000-0000-000000000000}") = "eShop.UI", "Shared\eShop.UI\eShop.UI.csproj", "{15151515-1515-1515-1515-151515151515}"
EndProject
Project("{00000000-0000-0000-0000-000000000000}") = "eShop.Payments.UI", "Payments\eShop.Payments.UI\eShop.Payments.UI.csproj", "{17171717-1717-1717-1717-171717171717}"
EndProject
Project("{00000000-0000-0000-0000-000000000000}") = "eShop.Payments.HttpModels", "Payments\eShop.Payments.HttpModels\eShop.Payments.HttpModels.csproj", "{19191919-1919-1919-1919-191919191919}"
EndProject
Global
	GlobalSection(SolutionConfigurationPlatforms) = preSolution
		Debug|Any CPU = Debug|Any CPU
		Release|Any CPU = Release|Any CPU
	EndGlobalSection
	GlobalSection(SolutionProperties) = preSolution
		HideSolutionNode = FALSE
	EndGlobalSection
	GlobalSection(ProjectConfigurationPlatforms) = postSolution
		{01010101-0101-0101-0101-010101010101}.Debug|Any CPU.ActiveCfg = Debug|Any CPU
		{01010101-0101-0101-0101-010101010101}.Debug|Any CPU.Build.0 = Debug|Any CPU
		{01010101-0101-0101-0101-010101010101}.Release|Any CPU.ActiveCfg = Release|Any CPU
		{01010101-0101-0101-0101-010101010101}.Release|Any CPU.Build.0 = Release|Any CPU
		{07070707-0707-0707-0707-070707070707}.Debug|Any CPU.ActiveCfg = Debug|Any CPU
		{07070707-0707-0707-0707-070707070707}.Debug|Any CPU.Build.0 = Debug|Any CPU
		{07070707-0707-0707-0707-070707070707}.Release|Any CPU.ActiveCfg = Release|Any CPU
		{07070707-0707-0707-0707-070707070707}.Release|Any CPU.Build.0 = Release|Any CPU
		{09090909-0909-0909-0909-090909090909}.Debug|Any CPU.ActiveCfg = Debug|Any CPU
		{09090909-0909-0909-0909-090909090909}.Debug|Any CPU.Build.0 = Debug|Any CPU
		{09090909-0909-0909-0909-090909090909}.Release|Any CPU.ActiveCfg = Release|Any CPU
		{09090909-0909-0909-0909-090909090909}.Release|Any CPU.Build.0 = Release|Any CPU
		{11111111-1111-1111-1111-111111111111}.Debug|Any CPU.ActiveCfg = Debug|Any CPU
		{11111111-1111-1111-1111-111111111111}.Debug|Any CPU.Build.0 = Debug|Any CPU
		{11111111-1111-1111-1111-111111111111}.Release|Any CPU.ActiveCfg = Release|Any CPU
		{11111111-1111-1111-1111-111111111111}.Release|Any CPU.Build.0 = Release|Any CPU
		{13131313-1313-1313-1313-131313131313}.Debug|Any CPU.ActiveCfg = Debug|Any CPU
		{13131313-1313-1313-1313-131313131313}.Debug|Any CPU.Build.0 = Debug|Any CPU
		{13131313-1313-1313-1313-131313131313}.Release|Any CPU.ActiveCfg = Release|Any CPU
		{13131313-1313-1313-1313-131313131313}.Release|Any CPU.Build.0 = Release|Any CPU
		{15151515-1515-1515-1515-151515151515}.Debug|Any CPU.ActiveCfg = Debug|Any CPU
		{15151515-1515-1515-1515-151515151515}.Debug|Any CPU.Build.0 = Debug|Any CPU
		{15151515-1515-1515-1515-151515151515}.Release|Any CPU.ActiveCfg = Release|Any CPU
		{15151515-1515-1515-1515-151515151515}.Release|Any CPU.Build.0 = Release|Any CPU
		{17171717-1717-1717-1717-171717171717}.Debug|Any CPU.ActiveCfg = Debug|Any CPU
		{17171717-1717-1717-1717-171717171717}.Debug|Any CPU.Build.0 = Debug|Any CPU
		{17171717-1717-1717-1717-171717171717}.Release|Any CPU.ActiveCfg = Release|Any CPU
		{17171717-1717-1717-1717-171717171717}.Release|Any CPU.Build.0 = Release|Any CPU
		{19191919-1919-1919-1919-191919191919}.Debug|Any CPU.ActiveCfg = Debug|Any CPU
		{19191919-1919-1919-1919-191919191919}.Debug|Any CPU.Build.0 = Debug|Any CPU
		{19191919-1919-1919-1919-191919191919}.Release|Any CPU.ActiveCfg = Release|Any CPU
		{19191919-1919-1919-1919-191919191919}.Release|Any CPU.Build.0 = Release|Any CPU
	EndGlobalSection
	GlobalSection(NestedProjects) = preSolution
		{07070707-0707-0707-0707-070707070707} = {03030303-0303-0303-0303-030303030303}
		{09090909-0909-0909-0909-090909090909} = {03030303-0303-0303-0303-030303030303}
		{11111111-1111-1111-1111-111111111111} = {03030303-0303-0303-0303-030303030303}
		{13131313-1313-1313-1313-131313131313} = {05050505-0505-0505-0505-050505050505}
		{15151515-1515-1515-1515-151515151515} = {05050505-0505-0505-0505-050505050505}
		{17171717-1717-1717-1717-171717171717} = {03030303-0303-0303-0303-030303030303}
		{19191919-1919-1919-1919-191919191919} = {03030303-0303-0303-0303-030303030303}
	EndGlobalSection
EndGlobal
